
Microsoft Visual Studio Solution File, Format Version 12.00
Project("{FAE04EC0-301F-11D3-BF4B-00C04F79EFBC}") = "firs if", "firs if\firs if.csproj", "{962F85AC-18A7-4256-AB1D-E2CFDCF096AA}"
EndProject
Global
	GlobalSection(SolutionConfigurationPlatforms) = preSolution
		Debug|Any CPU = Debug|Any CPU
		Release|Any CPU = Release|Any CPU
	EndGlobalSection
	GlobalSection(ProjectConfigurationPlatforms) = postSolution
		{962F85AC-18A7-4256-AB1D-E2CFDCF096AA}.Debug|Any CPU.ActiveCfg = Debug|Any CPU
		{962F85AC-18A7-4256-AB1D-E2CFDCF096AA}.Debug|Any CPU.Build.0 = Debug|Any CPU
		{962F85AC-18A7-4256-AB1D-E2CFDCF096AA}.Release|Any CPU.ActiveCfg = Release|Any CPU
		{962F85AC-18A7-4256-AB1D-E2CFDCF096AA}.Release|Any CPU.Build.0 = Release|Any CPU
	EndGlobalSection
EndGlobal
